
Microsoft Visual Studio Solution File, Format Version 12.00
# Visual Studio Version 16
VisualStudioVersion = 16.0.32802.440
MinimumVisualStudioVersion = 10.0.40219.1
Project("{FAE04EC0-301F-11D3-BF4B-00C04F79EFBC}") = "Calculadora.Forms", "Calculadora.Forms\Calculadora.Forms.csproj", "{597FF6B7-D0EE-4A66-9EAB-2872D96D054C}"
EndProject
Global
	GlobalSection(SolutionConfigurationPlatforms) = preSolution
		Debug|Any CPU = Debug|Any CPU
		Release|Any CPU = Release|Any CPU
	EndGlobalSection
	GlobalSection(ProjectConfigurationPlatforms) = postSolution
		{597FF6B7-D0EE-4A66-9EAB-2872D96D054C}.Debug|Any CPU.ActiveCfg = Debug|Any CPU
		{597FF6B7-D0EE-4A66-9EAB-2872D96D054C}.Debug|Any CPU.Build.0 = Debug|Any CPU
		{597FF6B7-D0EE-4A66-9EAB-2872D96D054C}.Release|Any CPU.ActiveCfg = Release|Any CPU
		{597FF6B7-D0EE-4A66-9EAB-2872D96D054C}.Release|Any CPU.Build.0 = Release|Any CPU
	EndGlobalSection
	GlobalSection(SolutionProperties) = preSolution
		HideSolutionNode = FALSE
	EndGlobalSection
	GlobalSection(ExtensibilityGlobals) = postSolution
		SolutionGuid = {040508C1-73EF-4BCF-9546-52242BB58E8F}
	EndGlobalSection
EndGlobal
